Microsoft Visual Studio Solution File, Format Version 12.00
# Visual Studio 2012
Project("{FAE04EC0-301F-11D3-BF4B-00C04F79EFBC}") = "Genetic Map Generation", "Genetic Map Generation.csproj", "{FEF19FA8-D59E-4388-B8C4-AF2C9196DA25}"
EndProject
Global
	GlobalSection(SolutionConfigurationPlatforms) = preSolution
	Debug|Any CPU = Debug|Any CPU
	ExportDebug|Any CPU = ExportDebug|Any CPU
	ExportRelease|Any CPU = ExportRelease|Any CPU
	EndGlobalSection
	GlobalSection(ProjectConfigurationPlatforms) = postSolution
		{FEF19FA8-D59E-4388-B8C4-AF2C9196DA25}.Debug|Any CPU.ActiveCfg = Debug|Any CPU
		{FEF19FA8-D59E-4388-B8C4-AF2C9196DA25}.Debug|Any CPU.Build.0 = Debug|Any CPU
		{FEF19FA8-D59E-4388-B8C4-AF2C9196DA25}.ExportDebug|Any CPU.ActiveCfg = ExportDebug|Any CPU
		{FEF19FA8-D59E-4388-B8C4-AF2C9196DA25}.ExportDebug|Any CPU.Build.0 = ExportDebug|Any CPU
		{FEF19FA8-D59E-4388-B8C4-AF2C9196DA25}.ExportRelease|Any CPU.ActiveCfg = ExportRelease|Any CPU
		{FEF19FA8-D59E-4388-B8C4-AF2C9196DA25}.ExportRelease|Any CPU.Build.0 = ExportRelease|Any CPU
	EndGlobalSection
EndGlobal
